// !$*UTF8*$!
{
	archiveVersion = 1;
	classes = {
	};
	objectVersion = 50;
	objects = {

/* Begin PBXBuildFile section */
		2B0D4D652237CBE00099729C /* AuthVC.swift in Sources */ = {isa = PBXBuildFile; fileRef = 2B0D4D642237CBE00099729C /* AuthVC.swift */; };
		2B0D4D672237CC6A0099729C /* LoginVC.swift in Sources */ = {isa = PBXBuildFile; fileRef = 2B0D4D662237CC6A0099729C /* LoginVC.swift */; };
		2B0D4D692237CD0C0099729C /* InsertTextField.swift in Sources */ = {isa = PBXBuildFile; fileRef = 2B0D4D682237CD0C0099729C /* InsertTextField.swift */; };
		2B0D4D6B2237D9700099729C /* ShadowView.swift in Sources */ = {isa = PBXBuildFile; fileRef = 2B0D4D6A2237D9700099729C /* ShadowView.swift */; };
		2B0D4D6D2237DFD40099729C /* AuthService.swift in Sources */ = {isa = PBXBuildFile; fileRef = 2B0D4D6C2237DFD40099729C /* AuthService.swift */; };
		2B18056A224A2E3B00D06E52 /* CreateGroupsVC.swift in Sources */ = {isa = PBXBuildFile; fileRef = 2B180569224A2E3B00D06E52 /* CreateGroupsVC.swift */; };
		2B18056C224A40E800D06E52 /* UserCell.swift in Sources */ = {isa = PBXBuildFile; fileRef = 2B18056B224A40E800D06E52 /* UserCell.swift */; };
		2B4A1A2D223796E3009DD559 /* AppDelegate.swift in Sources */ = {isa = PBXBuildFile; fileRef = 2B4A1A2C223796E3009DD559 /* AppDelegate.swift */; };
		2B4A1A2F223796E3009DD559 /* FeedVC.swift in Sources */ = {isa = PBXBuildFile; fileRef = 2B4A1A2E223796E3009DD559 /* FeedVC.swift */; };
		2B4A1A31223796E3009DD559 /* GroupsVC.swift in Sources */ = {isa = PBXBuildFile; fileRef = 2B4A1A30223796E3009DD559 /* GroupsVC.swift */; };
		2B4A1A34223796E3009DD559 /* Main.storyboard in Resources */ = {isa = PBXBuildFile; fileRef = 2B4A1A32223796E3009DD559 /* Main.storyboard */; };
		2B4A1A36223796E4009DD559 /* Assets.xcassets in Resources */ = {isa = PBXBuildFile; fileRef = 2B4A1A35223796E4009DD559 /* Assets.xcassets */; };
		2B4A1A39223796E4009DD559 /* LaunchScreen.storyboard in Resources */ = {isa = PBXBuildFile; fileRef = 2B4A1A37223796E4009DD559 /* LaunchScreen.storyboard */; };
		2B605902224894E000D9FD9D /* MeVC.swift in Sources */ = {isa = PBXBuildFile; fileRef = 2B605901224894E000D9FD9D /* MeVC.swift */; };
		2B6059042248A8AF00D9FD9D /* CreatePostVC.swift in Sources */ = {isa = PBXBuildFile; fileRef = 2B6059032248A8AF00D9FD9D /* CreatePostVC.swift */; };
		2B6059062248FDF000D9FD9D /* UIViewExt.swift in Sources */ = {isa = PBXBuildFile; fileRef = 2B6059052248FDF000D9FD9D /* UIViewExt.swift */; };
		2B6059082249042F00D9FD9D /* FeedCell.swift in Sources */ = {isa = PBXBuildFile; fileRef = 2B6059072249042F00D9FD9D /* FeedCell.swift */; };
		2B60590A2249083D00D9FD9D /* Message.swift in Sources */ = {isa = PBXBuildFile; fileRef = 2B6059092249083D00D9FD9D /* Message.swift */; };
		2BE176A32237A000008944A3 /* GoogleService-Info.plist in Resources */ = {isa = PBXBuildFile; fileRef = 2BE176A22237A000008944A3 /* GoogleService-Info.plist */; };
		2BE176A52237A13A008944A3 /* DataService.swift in Sources */ = {isa = PBXBuildFile; fileRef = 2BE176A42237A13A008944A3 /* DataService.swift */; };
		89A3A38481F195169F252950 /* Pods_Social.framework in Frameworks */ = {isa = PBXBuildFile; fileRef = 136D9FAEFD925D7536DDB97E /* Pods_Social.framework */; };
/* End PBXBuildFile section */

/* Begin PBXFileReference section */
		136D9FAEFD925D7536DDB97E /* Pods_Social.framework */ = {isa = PBXFileReference; explicitFileType = wrapper.framework; includeInIndex = 0; path = Pods_Social.framework; sourceTree = BUILT_PRODUCTS_DIR; };
		2B0D4D642237CBE00099729C /* AuthVC.swift */ = {isa = PBXFileReference; lastKnownFileType = sourcecode.swift; path = AuthVC.swift; sourceTree = "<group>"; };
		2B0D4D662237CC6A0099729C /* LoginVC.swift */ = {isa = PBXFileReference; lastKnownFileType = sourcecode.swift; path = LoginVC.swift; sourceTree = "<group>"; };
		2B0D4D682237CD0C0099729C /* InsertTextField.swift */ = {isa = PBXFileReference; lastKnownFileType = sourcecode.swift; path = InsertTextField.swift; sourceTree = "<group>"; };
		2B0D4D6A2237D9700099729C /* ShadowView.swift */ = {isa = PBXFileReference; lastKnownFileType = sourcecode.swift; path = ShadowView.swift; sourceTree = "<group>"; };
		2B0D4D6C2237DFD40099729C /* AuthService.swift */ = {isa = PBXFileReference; lastKnownFileType = sourcecode.swift; path = AuthService.swift; sourceTree = "<group>"; };
		2B180569224A2E3B00D06E52 /* CreateGroupsVC.swift */ = {isa = PBXFileReference; lastKnownFileType = sourcecode.swift; path = CreateGroupsVC.swift; sourceTree = "<group>"; };
		2B18056B224A40E800D06E52 /* UserCell.swift */ = {isa = PBXFileReference; lastKnownFileType = sourcecode.swift; path = UserCell.swift; sourceTree = "<group>"; };
		2B4A1A29223796E3009DD559 /* Social.app */ = {isa = PBXFileReference; explicitFileType = wrapper.application; includeInIndex = 0; path = Social.app; sourceTree = BUILT_PRODUCTS_DIR; };
		2B4A1A2C223796E3009DD559 /* AppDelegate.swift */ = {isa = PBXFileReference; lastKnownFileType = sourcecode.swift; path = AppDelegate.swift; sourceTree = "<group>"; };
		2B4A1A2E223796E3009DD559 /* FeedVC.swift */ = {isa = PBXFileReference; lastKnownFileType = sourcecode.swift; path = FeedVC.swift; sourceTree = "<group>"; };
		2B4A1A30223796E3009DD559 /* GroupsVC.swift */ = {isa = PBXFileReference; lastKnownFileType = sourcecode.swift; path = GroupsVC.swift; sourceTree = "<group>"; };
		2B4A1A33223796E3009DD559 /* Base */ = {isa = PBXFileReference; lastKnownFileType = file.storyboard; name = Base; path = Base.lproj/Main.storyboard; sourceTree = "<group>"; };
		2B4A1A35223796E4009DD559 /* Assets.xcassets */ = {isa = PBXFileReference; lastKnownFileType = folder.assetcatalog; path = Assets.xcassets; sourceTree = "<group>"; };
		2B4A1A38223796E4009DD559 /* Base */ = {isa = PBXFileReference; lastKnownFileType = file.storyboard; name = Base; path = Base.lproj/LaunchScreen.storyboard; sourceTree = "<group>"; };
		2B4A1A3A223796E4009DD559 /* Info.plist */ = {isa = PBXFileReference; lastKnownFileType = text.plist.xml; path = Info.plist; sourceTree = "<group>"; };
		2B605901224894E000D9FD9D /* MeVC.swift */ = {isa = PBXFileReference; lastKnownFileType = sourcecode.swift; path = MeVC.swift; sourceTree = "<group>"; };
		2B6059032248A8AF00D9FD9D /* CreatePostVC.swift */ = {isa = PBXFileReference; lastKnownFileType = sourcecode.swift; path = CreatePostVC.swift; sourceTree = "<group>"; };
		2B6059052248FDF000D9FD9D /* UIViewExt.swift */ = {isa = PBXFileReference; lastKnownFileType = sourcecode.swift; path = UIViewExt.swift; sourceTree = "<group>"; };
		2B6059072249042F00D9FD9D /* FeedCell.swift */ = {isa = PBXFileReference; lastKnownFileType = sourcecode.swift; path = FeedCell.swift; sourceTree = "<group>"; };
		2B6059092249083D00D9FD9D /* Message.swift */ = {isa = PBXFileReference; lastKnownFileType = sourcecode.swift; path = Message.swift; sourceTree = "<group>"; };
		2BE176A22237A000008944A3 /* GoogleService-Info.plist */ = {isa = PBXFileReference; fileEncoding = 4; lastKnownFileType = text.plist.xml; path = "GoogleService-Info.plist"; sourceTree = "<group>"; };
		2BE176A42237A13A008944A3 /* DataService.swift */ = {isa = PBXFileReference; lastKnownFileType = sourcecode.swift; path = DataService.swift; sourceTree = "<group>"; };
		4012DD02312661BE1731F318 /* Pods-Social.debug.xcconfig */ = {isa = PBXFileReference; includeInIndex = 1; lastKnownFileType = text.xcconfig; name = "Pods-Social.debug.xcconfig"; path = "Target Support Files/Pods-Social/Pods-Social.debug.xcconfig"; sourceTree = "<group>"; };
		5CD43DC0FA4228C6E637EBF9 /* Pods-Social.release.xcconfig */ = {isa = PBXFileReference; includeInIndex = 1; lastKnownFileType = text.xcconfig; name = "Pods-Social.release.xcconfig"; path = "Target Support Files/Pods-Social/Pods-Social.release.xcconfig"; sourceTree = "<group>"; };
/* End PBXFileReference section */

/* Begin PBXFrameworksBuildPhase section */
		2B4A1A26223796E3009DD559 /* Frameworks */ = {
			isa = PBXFrameworksBuildPhase;
			buildActionMask = 2147483647;
			files = (
				89A3A38481F195169F252950 /* Pods_Social.framework in Frameworks */,
			);
			runOnlyForDeploymentPostprocessing = 0;
		};
/* End PBXFrameworksBuildPhase section */

/* Begin PBXGroup section */
		2B4A1A20223796E3009DD559 = {
			isa = PBXGroup;
			children = (
				2B4A1A2B223796E3009DD559 /* Social */,
				2B4A1A2A223796E3009DD559 /* Products */,
				B47B40A2518767BDEE36AC57 /* Pods */,
				92D7954A0FB4D335B10A3BB7 /* Frameworks */,
			);
			sourceTree = "<group>";
		};
		2B4A1A2A223796E3009DD559 /* Products */ = {
			isa = PBXGroup;
			children = (
				2B4A1A29223796E3009DD559 /* Social.app */,
			);
			name = Products;
			sourceTree = "<group>";
		};
		2B4A1A2B223796E3009DD559 /* Social */ = {
			isa = PBXGroup;
			children = (
				2B4A1A4422379718009DD559 /* Services */,
				2B4A1A432237970E009DD559 /* Extensions */,
				2B4A1A4222379707009DD559 /* Model */,
				2B4A1A4122379700009DD559 /* View */,
				2B4A1A40223796EF009DD559 /* Controller */,
				2B4A1A2C223796E3009DD559 /* AppDelegate.swift */,
				2B4A1A32223796E3009DD559 /* Main.storyboard */,
				2B4A1A35223796E4009DD559 /* Assets.xcassets */,
				2B4A1A37223796E4009DD559 /* LaunchScreen.storyboard */,
				2B4A1A3A223796E4009DD559 /* Info.plist */,
				2BE176A22237A000008944A3 /* GoogleService-Info.plist */,
			);
			path = Social;
			sourceTree = "<group>";
		};
		2B4A1A40223796EF009DD559 /* Controller */ = {
			isa = PBXGroup;
			children = (
				2B4A1A30223796E3009DD559 /* GroupsVC.swift */,
				2B4A1A2E223796E3009DD559 /* FeedVC.swift */,
				2B0D4D642237CBE00099729C /* AuthVC.swift */,
				2B0D4D662237CC6A0099729C /* LoginVC.swift */,
				2B605901224894E000D9FD9D /* MeVC.swift */,
				2B6059032248A8AF00D9FD9D /* CreatePostVC.swift */,
				2B180569224A2E3B00D06E52 /* CreateGroupsVC.swift */,
			);
			path = Controller;
			sourceTree = "<group>";
		};
		2B4A1A4122379700009DD559 /* View */ = {
			isa = PBXGroup;
			children = (
				2B0D4D682237CD0C0099729C /* InsertTextField.swift */,
				2B0D4D6A2237D9700099729C /* ShadowView.swift */,
				2B6059072249042F00D9FD9D /* FeedCell.swift */,
				2B18056B224A40E800D06E52 /* UserCell.swift */,
			);
			path = View;
			sourceTree = "<group>";
		};
		2B4A1A4222379707009DD559 /* Model */ = {
			isa = PBXGroup;
			children = (
				2B6059092249083D00D9FD9D /* Message.swift */,
			);
			path = Model;
			sourceTree = "<group>";
		};
		2B4A1A432237970E009DD559 /* Extensions */ = {
			isa = PBXGroup;
			children = (
				2B6059052248FDF000D9FD9D /* UIViewExt.swift */,
			);
			path = Extensions;
			sourceTree = "<group>";
		};
		2B4A1A4422379718009DD559 /* Services */ = {
			isa = PBXGroup;
			children = (
				2BE176A42237A13A008944A3 /* DataService.swift */,
				2B0D4D6C2237DFD40099729C /* AuthService.swift */,
			);
			path = Services;
			sourceTree = "<group>";
		};
		92D7954A0FB4D335B10A3BB7 /* Frameworks */ = {
			isa = PBXGroup;
			children = (
				136D9FAEFD925D7536DDB97E /* Pods_Social.framework */,
			);
			name = Frameworks;
			sourceTree = "<group>";
		};
		B47B40A2518767BDEE36AC57 /* Pods */ = {
			isa = PBXGroup;
			children = (
				4012DD02312661BE1731F318 /* Pods-Social.debug.xcconfig */,
				5CD43DC0FA4228C6E637EBF9 /* Pods-Social.release.xcconfig */,
			);
			path = Pods;
			sourceTree = "<group>";
		};
/* End PBXGroup section */

/* Begin PBXNativeTarget section */
		2B4A1A28223796E3009DD559 /* Social */ = {
			isa = PBXNativeTarget;
			buildConfigurationList = 2B4A1A3D223796E4009DD559 /* Build configuration list for PBXNativeTarget "Social" */;
			buildPhases = (
				633B20A64AEA6E5DB2FB4128 /* [CP] Check Pods Manifest.lock */,
				2B4A1A25223796E3009DD559 /* Sources */,
				2B4A1A26223796E3009DD559 /* Frameworks */,
				2B4A1A27223796E3009DD559 /* Resources */,
				127B7B3AC6F3051C3970831A /* [CP] Embed Pods Frameworks */,
			);
			buildRules = (
			);
			dependencies = (
			);
			name = Social;
			productName = Social;
			productReference = 2B4A1A29223796E3009DD559 /* Social.app */;
			productType = "com.apple.product-type.application";
		};
/* End PBXNativeTarget section */

/* Begin PBXProject section */
		2B4A1A21223796E3009DD559 /* Project object */ = {
			isa = PBXProject;
			attributes = {
				LastSwiftUpdateCheck = 1000;
				LastUpgradeCheck = 1000;
				ORGANIZATIONNAME = "ahmed abokhalil";
				TargetAttributes = {
					2B4A1A28223796E3009DD559 = {
						CreatedOnToolsVersion = 10.0;
					};
				};
			};
			buildConfigurationList = 2B4A1A24223796E3009DD559 /* Build configuration list for PBXProject "Social" */;
			compatibilityVersion = "Xcode 9.3";
			developmentRegion = en;
			hasScannedForEncodings = 0;
			knownRegions = (
				en,
				Base,
			);
			mainGroup = 2B4A1A20223796E3009DD559;
			productRefGroup = 2B4A1A2A223796E3009DD559 /* Products */;
			projectDirPath = "";
			projectRoot = "";
			targets = (
				2B4A1A28223796E3009DD559 /* Social */,
			);
		};
/* End PBXProject section */

/* Begin PBXResourcesBuildPhase section */
		2B4A1A27223796E3009DD559 /* Resources */ = {
			isa = PBXResourcesBuildPhase;
			buildActionMask = 2147483647;
			files = (
				2B4A1A39223796E4009DD559 /* LaunchScreen.storyboard in Resources */,
				2BE176A32237A000008944A3 /* GoogleService-Info.plist in Resources */,
				2B4A1A36223796E4009DD559 /* Assets.xcassets in Resources */,
				2B4A1A34223796E3009DD559 /* Main.storyboard in Resources */,
			);
			runOnlyForDeploymentPostprocessing = 0;
		};
/* End PBXResourcesBuildPhase section */

/* Begin PBXShellScriptBuildPhase section */
		127B7B3AC6F3051C3970831A /* [CP] Embed Pods Frameworks */ = {
			isa = PBXShellScriptBuildPhase;
			buildActionMask = 2147483647;
			files = (
			);
			inputFileListPaths = (
			);
			inputPaths = (
				"${PODS_ROOT}/Target Support Files/Pods-Social/Pods-Social-frameworks.sh",
				"${BUILT_PRODUCTS_DIR}/GTMSessionFetcher/GTMSessionFetcher.framework",
				"${BUILT_PRODUCTS_DIR}/GoogleUtilities/GoogleUtilities.framework",
				"${BUILT_PRODUCTS_DIR}/leveldb-library/leveldb.framework",
				"${BUILT_PRODUCTS_DIR}/nanopb/nanopb.framework",
			);
			name = "[CP] Embed Pods Frameworks";
			outputFileListPaths = (
			);
			outputPaths = (
				"${TARGET_BUILD_DIR}/${FRAMEWORKS_FOLDER_PATH}/GTMSessionFetcher.framework",
				"${TARGET_BUILD_DIR}/${FRAMEWORKS_FOLDER_PATH}/GoogleUtilities.framework",
				"${TARGET_BUILD_DIR}/${FRAMEWORKS_FOLDER_PATH}/leveldb.framework",
				"${TARGET_BUILD_DIR}/${FRAMEWORKS_FOLDER_PATH}/nanopb.framework",
			);
			runOnlyForDeploymentPostprocessing = 0;
			shellPath = /bin/sh;
			shellScript = "\"${PODS_ROOT}/Target Support Files/Pods-Social/Pods-Social-frameworks.sh\"\n";
			showEnvVarsInLog = 0;
		};
		633B20A64AEA6E5DB2FB4128 /* [CP] Check Pods Manifest.lock */ = {
			isa = PBXShellScriptBuildPhase;
			buildActionMask = 2147483647;
			files = (
			);
			inputFileListPaths = (
			);
			inputPaths = (
				"${PODS_PODFILE_DIR_PATH}/Podfile.lock",
				"${PODS_ROOT}/Manifest.lock",
			);
			name = "[CP] Check Pods Manifest.lock";
			outputFileListPaths = (
			);
			outputPaths = (
				"$(DERIVED_FILE_DIR)/Pods-Social-checkManifestLockResult.txt",
			);
			runOnlyForDeploymentPostprocessing = 0;
			shellPath = /bin/sh;
			shellScript = "diff \"${PODS_PODFILE_DIR_PATH}/Podfile.lock\" \"${PODS_ROOT}/Manifest.lock\" > /dev/null\nif [ $? != 0 ] ; then\n    # print error to STDERR\n    echo \"error: The sandbox is not in sync with the Podfile.lock. Run 'pod install' or update your CocoaPods installation.\" >&2\n    exit 1\nfi\n# This output is used by Xcode 'outputs' to avoid re-running this script phase.\necho \"SUCCESS\" > \"${SCRIPT_OUTPUT_FILE_0}\"\n";
			showEnvVarsInLog = 0;
		};
/* End PBXShellScriptBuildPhase section */

/* Begin PBXSourcesBuildPhase section */
		2B4A1A25223796E3009DD559 /* Sources */ = {
			isa = PBXSourcesBuildPhase;
			buildActionMask = 2147483647;
			files = (
				2B6059062248FDF000D9FD9D /* UIViewExt.swift in Sources */,
				2B6059082249042F00D9FD9D /* FeedCell.swift in Sources */,
				2B605902224894E000D9FD9D /* MeVC.swift in Sources */,
				2B0D4D692237CD0C0099729C /* InsertTextField.swift in Sources */,
				2B0D4D652237CBE00099729C /* AuthVC.swift in Sources */,
				2B4A1A31223796E3009DD559 /* GroupsVC.swift in Sources */,
				2B0D4D6D2237DFD40099729C /* AuthService.swift in Sources */,
				2B0D4D672237CC6A0099729C /* LoginVC.swift in Sources */,
				2B18056C224A40E800D06E52 /* UserCell.swift in Sources */,
				2B0D4D6B2237D9700099729C /* ShadowView.swift in Sources */,
				2B6059042248A8AF00D9FD9D /* CreatePostVC.swift in Sources */,
				2B4A1A2D223796E3009DD559 /* AppDelegate.swift in Sources */,
				2B18056A224A2E3B00D06E52 /* CreateGroupsVC.swift in Sources */,
				2B4A1A2F223796E3009DD559 /* FeedVC.swift in Sources */,
				2BE176A52237A13A008944A3 /* DataService.swift in Sources */,
				2B60590A2249083D00D9FD9D /* Message.swift in Sources */,
			);
			runOnlyForDeploymentPostprocessing = 0;
		};
/* End PBXSourcesBuildPhase section */

/* Begin PBXVariantGroup section */
		2B4A1A32223796E3009DD559 /* Main.storyboard */ = {
			isa = PBXVariantGroup;
			children = (
				2B4A1A33223796E3009DD559 /* Base */,
			);
			name = Main.storyboard;
			sourceTree = "<group>";
		};
		2B4A1A37223796E4009DD559 /* LaunchScreen.storyboard */ = {
			isa = PBXVariantGroup;
			children = (
				2B4A1A38223796E4009DD559 /* Base */,
			);
			name = LaunchScreen.storyboard;
			sourceTree = "<group>";
		};
/* End PBXVariantGroup section */

/* Begin XCBuildConfiguration section */
		2B4A1A3B223796E4009DD559 /* Debug */ = {
			isa = XCBuildConfiguration;
			buildSettings = {
				ALWAYS_SEARCH_USER_PATHS = NO;
				CLANG_ANALYZER_NONNULL = YES;
				CLANG_ANALYZER_NUMBER_OBJECT_CONVERSION = YES_AGGRESSIVE;
				CLANG_CXX_LANGUAGE_STANDARD = "gnu++14";
				CLANG_CXX_LIBRARY = "libc++";
				CLANG_ENABLE_MODULES = YES;
				CLANG_ENABLE_OBJC_ARC = YES;
				CLANG_ENABLE_OBJC_WEAK = YES;
				CLANG_WARN_BLOCK_CAPTURE_AUTORELEASING = YES;
				CLANG_WARN_BOOL_CONVERSION = YES;
				CLANG_WARN_COMMA = YES;
				CLANG_WARN_CONSTANT_CONVERSION = YES;
				CLANG_WARN_DEPRECATED_OBJC_IMPLEMENTATIONS = YES;
				CLANG_WARN_DIRECT_OBJC_ISA_USAGE = YES_ERROR;
				CLANG_WARN_DOCUMENTATION_COMMENTS = YES;
				CLANG_WARN_EMPTY_BODY = YES;
				CLANG_WARN_ENUM_CONVERSION = YES;
				CLANG_WARN_INFINITE_RECURSION = YES;
				CLANG_WARN_INT_CONVERSION = YES;
				CLANG_WARN_NON_LITERAL_NULL_CONVERSION = YES;
				CLANG_WARN_OBJC_IMPLICIT_RETAIN_SELF = YES;
				CLANG_WARN_OBJC_LITERAL_CONVERSION = YES;
				CLANG_WARN_OBJC_ROOT_CLASS = YES_ERROR;
				CLANG_WARN_RANGE_LOOP_ANALYSIS = YES;
				CLANG_WARN_STRICT_PROTOTYPES = YES;
				CLANG_WARN_SUSPICIOUS_MOVE = YES;
				CLANG_WARN_UNGUARDED_AVAILABILITY = YES_AGGRESSIVE;
				CLANG_WARN_UNREACHABLE_CODE = YES;
				CLANG_WARN__DUPLICATE_METHOD_MATCH = YES;
				CODE_SIGN_IDENTITY = "iPhone Developer";
				COPY_PHASE_STRIP = NO;
				DEBUG_INFORMATION_FORMAT = dwarf;
				ENABLE_STRICT_OBJC_MSGSEND = YES;
				ENABLE_TESTABILITY = YES;
				GCC_C_LANGUAGE_STANDARD = gnu11;
				GCC_DYNAMIC_NO_PIC = NO;
				GCC_NO_COMMON_BLOCKS = YES;
				GCC_OPTIMIZATION_LEVEL = 0;
				GCC_PREPROCESSOR_DEFINITIONS = (
					"DEBUG=1",
					"$(inherited)",
				);
				GCC_WARN_64_TO_32_BIT_CONVERSION = YES;
				GCC_WARN_ABOUT_RETURN_TYPE = YES_ERROR;
				GCC_WARN_UNDECLARED_SELECTOR = YES;
				GCC_WARN_UNINITIALIZED_AUTOS = YES_AGGRESSIVE;
				GCC_WARN_UNUSED_FUNCTION = YES;
				GCC_WARN_UNUSED_VARIABLE = YES;
				IPHONEOS_DEPLOYMENT_TARGET = 12.0;
				MTL_ENABLE_DEBUG_INFO = INCLUDE_SOURCE;
				MTL_FAST_MATH = YES;
				ONLY_ACTIVE_ARCH = YES;
				SDKROOT = iphoneos;
				SWIFT_ACTIVE_COMPILATION_CONDITIONS = DEBUG;
				SWIFT_OPTIMIZATION_LEVEL = "-Onone";
			};
			name = Debug;
		};
		2B4A1A3C223796E4009DD559 /* Release */ = {
			isa = XCBuildConfiguration;
			buildSettings = {
				ALWAYS_SEARCH_USER_PATHS = NO;
				CLANG_ANALYZER_NONNULL = YES;
				CLANG_ANALYZER_NUMBER_OBJECT_CONVERSION = YES_AGGRESSIVE;
				CLANG_CXX_LANGUAGE_STANDARD = "gnu++14";
				CLANG_CXX_LIBRARY = "libc++";
				CLANG_ENABLE_MODULES = YES;
				CLANG_ENABLE_OBJC_ARC = YES;
				CLANG_ENABLE_OBJC_WEAK = YES;
				CLANG_WARN_BLOCK_CAPTURE_AUTORELEASING = YES;
				CLANG_WARN_BOOL_CONVERSION = YES;
				CLANG_WARN_COMMA = YES;
				CLANG_WARN_CONSTANT_CONVERSION = YES;
				CLANG_WARN_DEPRECATED_OBJC_IMPLEMENTATIONS = YES;
				CLANG_WARN_DIRECT_OBJC_ISA_USAGE = YES_ERROR;
				CLANG_WARN_DOCUMENTATION_COMMENTS = YES;
				CLANG_WARN_EMPTY_BODY = YES;
				CLANG_WARN_ENUM_CONVERSION = YES;
				CLANG_WARN_INFINITE_RECURSION = YES;
				CLANG_WARN_INT_CONVERSION = YES;
				CLANG_WARN_NON_LITERAL_NULL_CONVERSION = YES;
				CLANG_WARN_OBJC_IMPLICIT_RETAIN_SELF = YES;
				CLANG_WARN_OBJC_LITERAL_CONVERSION = YES;
				CLANG_WARN_OBJC_ROOT_CLASS = YES_ERROR;
				CLANG_WARN_RANGE_LOOP_ANALYSIS = YES;
				CLANG_WARN_STRICT_PROTOTYPES = YES;
				CLANG_WARN_SUSPICIOUS_MOVE = YES;
				CLANG_WARN_UNGUARDED_AVAILABILITY = YES_AGGRESSIVE;
				CLANG_WARN_UNREACHABLE_CODE = YES;
				CLANG_WARN__DUPLICATE_METHOD_MATCH = YES;
				CODE_SIGN_IDENTITY = "iPhone Developer";
				COPY_PHASE_STRIP = NO;
				DEBUG_INFORMATION_FORMAT = "dwarf-with-dsym";
				ENABLE_NS_ASSERTIONS = NO;
				ENABLE_STRICT_OBJC_MSGSEND = YES;
				GCC_C_LANGUAGE_STANDARD = gnu11;
				GCC_NO_COMMON_BLOCKS = YES;
				GCC_WARN_64_TO_32_BIT_CONVERSION = YES;
				GCC_WARN_ABOUT_RETURN_TYPE = YES_ERROR;
				GCC_WARN_UNDECLARED_SELECTOR = YES;
				GCC_WARN_UNINITIALIZED_AUTOS = YES_AGGRESSIVE;
				GCC_WARN_UNUSED_FUNCTION = YES;
				GCC_WARN_UNUSED_VARIABLE = YES;
				IPHONEOS_DEPLOYMENT_TARGET = 12.0;
				MTL_ENABLE_DEBUG_INFO = NO;
				MTL_FAST_MATH = YES;
				SDKROOT = iphoneos;
				SWIFT_COMPILATION_MODE = wholemodule;
				SWIFT_OPTIMIZATION_LEVEL = "-O";
				VALIDATE_PRODUCT = YES;
			};
			name = Release;
		};
		2B4A1A3E223796E4009DD559 /* Debug */ = {
			isa = XCBuildConfiguration;
			baseConfigurationReference = 4012DD02312661BE1731F318 /* Pods-Social.debug.xcconfig */;
			buildSettings = {
				ASSETCATALOG_COMPILER_APPICON_NAME = AppIcon;
				CODE_SIGN_STYLE = Automatic;
				INFOPLIST_FILE = Social/Info.plist;
				LD_RUNPATH_SEARCH_PATHS = (
					"$(inherited)",
					"@executable_path/Frameworks",
				);
				PRODUCT_BUNDLE_IDENTIFIER = com.abokhalil.Social;
				PRODUCT_NAME = "$(TARGET_NAME)";
				SWIFT_VERSION = 4.2;
				TARGETED_DEVICE_FAMILY = "1,2";
			};
			name = Debug;
		};
		2B4A1A3F223796E4009DD559 /* Release */ = {
			isa = XCBuildConfiguration;
			baseConfigurationReference = 5CD43DC0FA4228C6E637EBF9 /* Pods-Social.release.xcconfig */;
			buildSettings = {
				ASSETCATALOG_COMPILER_APPICON_NAME = AppIcon;
				CODE_SIGN_STYLE = Automatic;
				INFOPLIST_FILE = Social/Info.plist;
				LD_RUNPATH_SEARCH_PATHS = (
					"$(inherited)",
					"@executable_path/Frameworks",
				);
				PRODUCT_BUNDLE_IDENTIFIER = com.abokhalil.Social;
				PRODUCT_NAME = "$(TARGET_NAME)";
				SWIFT_VERSION = 4.2;
				TARGETED_DEVICE_FAMILY = "1,2";
			};
			name = Release;
		};
/* End XCBuildConfiguration section */

/* Begin XCConfigurationList section */
		2B4A1A24223796E3009DD559 /* Build configuration list for PBXProject "Social" */ = {
			isa = XCConfigurationList;
			buildConfigurations = (
				2B4A1A3B223796E4009DD559 /* Debug */,
				2B4A1A3C223796E4009DD559 /* Release */,
			);
			defaultConfigurationIsVisible = 0;
			defaultConfigurationName = Release;
		};
		2B4A1A3D223796E4009DD559 /* Build configuration list for PBXNativeTarget "Social" */ = {
			isa = XCConfigurationList;
			buildConfigurations = (
				2B4A1A3E223796E4009DD559 /* Debug */,
				2B4A1A3F223796E4009DD559 /* Release */,
			);
			defaultConfigurationIsVisible = 0;
			defaultConfigurationName = Release;
		};
/* End XCConfigurationList section */
	};
	rootObject = 2B4A1A21223796E3009DD559 /* Project object */;
}
